
Microsoft Visual Studio Solution File, Format Version 11.00
# Visual Studio 2010
Project("{FAE04EC0-301F-11D3-BF4B-00C04F79EFBC}") = "PW", "Assembly-CSharp.csproj", "{47E5BE61-8E62-87D6-BE04-E7F71684E7C9}"
EndProject
Project("{FAE04EC0-301F-11D3-BF4B-00C04F79EFBC}") = "PW", "Assembly-CSharp-Editor.csproj", "{011B9C40-DDC4-194B-DDC0-A502215CDDE8}"
EndProject
Project("{6E029FBF-A817-DFC4-5859-8A5D38A6755F}") = "PW", "Assembly-UnityScript-Editor.unityproj", "{B69F15E6-8801-F141-4EF4-0B1B2C0AE17B}"
EndProject
Global
	GlobalSection(SolutionConfigurationPlatforms) = preSolution
		Debug|Any CPU = Debug|Any CPU
		Release|Any CPU = Release|Any CPU
	EndGlobalSection
	GlobalSection(ProjectConfigurationPlatforms) = postSolution
		{47E5BE61-8E62-87D6-BE04-E7F71684E7C9}.Debug|Any CPU.ActiveCfg = Debug|Any CPU
		{47E5BE61-8E62-87D6-BE04-E7F71684E7C9}.Debug|Any CPU.Build.0 = Debug|Any CPU
		{47E5BE61-8E62-87D6-BE04-E7F71684E7C9}.Release|Any CPU.ActiveCfg = Release|Any CPU
		{47E5BE61-8E62-87D6-BE04-E7F71684E7C9}.Release|Any CPU.Build.0 = Release|Any CPU
		{011B9C40-DDC4-194B-DDC0-A502215CDDE8}.Debug|Any CPU.ActiveCfg = Debug|Any CPU
		{011B9C40-DDC4-194B-DDC0-A502215CDDE8}.Debug|Any CPU.Build.0 = Debug|Any CPU
		{011B9C40-DDC4-194B-DDC0-A502215CDDE8}.Release|Any CPU.ActiveCfg = Release|Any CPU
		{011B9C40-DDC4-194B-DDC0-A502215CDDE8}.Release|Any CPU.Build.0 = Release|Any CPU
		{B69F15E6-8801-F141-4EF4-0B1B2C0AE17B}.Debug|Any CPU.ActiveCfg = Debug|Any CPU
		{B69F15E6-8801-F141-4EF4-0B1B2C0AE17B}.Debug|Any CPU.Build.0 = Debug|Any CPU
		{B69F15E6-8801-F141-4EF4-0B1B2C0AE17B}.Release|Any CPU.ActiveCfg = Release|Any CPU
		{B69F15E6-8801-F141-4EF4-0B1B2C0AE17B}.Release|Any CPU.Build.0 = Release|Any CPU
	EndGlobalSection
	GlobalSection(SolutionProperties) = preSolution
		HideSolutionNode = FALSE
	EndGlobalSection
	GlobalSection(MonoDevelopProperties) = preSolution
		StartupItem = Assembly-CSharp.csproj
	EndGlobalSection
EndGlobal
